
Microsoft Visual Studio Solution File, Format Version 12.00
# Visual Studio Version 17
VisualStudioVersion = 17.8.34408.163
MinimumVisualStudioVersion = 10.0.40219.1
Project("{9A19103F-16F7-4668-BE54-9A1E7A4F7556}") = "RemakeHvsM", "RemakeHvsM\RemakeHvsM.csproj", "{EDD105ED-63F8-4B71-8E5B-6B7FEB998704}"
EndProject
Project("{2150E333-8FDC-42A3-9474-1A3956D46DE8}") = "libraries", "libraries", "{E28C0B93-68B3-4432-949F-0685B3576509}"
EndProject
Project("{9A19103F-16F7-4668-BE54-9A1E7A4F7556}") = "constants", "constants\constants.csproj", "{A13323E2-870C-40BC-92EC-647F13F1DE43}"
EndProject
Project("{9A19103F-16F7-4668-BE54-9A1E7A4F7556}") = "Stats", "Stats\Stats.csproj", "{2AB537C3-75F3-4C04-82D0-2A55A2B814A4}"
EndProject
Project("{FAE04EC0-301F-11D3-BF4B-00C04F79EFBC}") = "Checker", "Checker\Checker.csproj", "{3375C9E5-757B-46B9-A661-F32BB08A6EBF}"
EndProject
Project("{FAE04EC0-301F-11D3-BF4B-00C04F79EFBC}") = "Msg", "Msg\Msg.csproj", "{87BF742C-89B0-47F7-B4DD-20A2C6D3833B}"
EndProject
Project("{FAE04EC0-301F-11D3-BF4B-00C04F79EFBC}") = "Utilities", "Utilities\Utilities.csproj", "{433BD8E9-A09E-406B-98F3-B4E5F5C5806C}"
EndProject
Project("{FAE04EC0-301F-11D3-BF4B-00C04F79EFBC}") = "Battle", "Battle\Battle.csproj", "{4FA58E0D-FE29-4453-BC67-AE68B2DD4506}"
EndProject
Project("{2150E333-8FDC-42A3-9474-1A3956D46DE8}") = "Main", "Main", "{D7D28948-F011-474F-8B8D-6638D035D672}"
EndProject
Project("{2150E333-8FDC-42A3-9474-1A3956D46DE8}") = "MsTest", "MsTest", "{6C202523-1E4F-481C-8948-B59AF00FE6A7}"
EndProject
Project("{FAE04EC0-301F-11D3-BF4B-00C04F79EFBC}") = "BattleTest", "BattleTest\BattleTest.csproj", "{79278F0C-B837-4F31-B739-640E29C7E346}"
EndProject
Global
	GlobalSection(SolutionConfigurationPlatforms) = preSolution
		Debug|Any CPU = Debug|Any CPU
		Release|Any CPU = Release|Any CPU
	EndGlobalSection
	GlobalSection(ProjectConfigurationPlatforms) = postSolution
		{EDD105ED-63F8-4B71-8E5B-6B7FEB998704}.Debug|Any CPU.ActiveCfg = Debug|Any CPU
		{EDD105ED-63F8-4B71-8E5B-6B7FEB998704}.Debug|Any CPU.Build.0 = Debug|Any CPU
		{EDD105ED-63F8-4B71-8E5B-6B7FEB998704}.Release|Any CPU.ActiveCfg = Release|Any CPU
		{EDD105ED-63F8-4B71-8E5B-6B7FEB998704}.Release|Any CPU.Build.0 = Release|Any CPU
		{A13323E2-870C-40BC-92EC-647F13F1DE43}.Debug|Any CPU.ActiveCfg = Debug|Any CPU
		{A13323E2-870C-40BC-92EC-647F13F1DE43}.Debug|Any CPU.Build.0 = Debug|Any CPU
		{A13323E2-870C-40BC-92EC-647F13F1DE43}.Release|Any CPU.ActiveCfg = Release|Any CPU
		{A13323E2-870C-40BC-92EC-647F13F1DE43}.Release|Any CPU.Build.0 = Release|Any CPU
		{2AB537C3-75F3-4C04-82D0-2A55A2B814A4}.Debug|Any CPU.ActiveCfg = Debug|Any CPU
		{2AB537C3-75F3-4C04-82D0-2A55A2B814A4}.Debug|Any CPU.Build.0 = Debug|Any CPU
		{2AB537C3-75F3-4C04-82D0-2A55A2B814A4}.Release|Any CPU.ActiveCfg = Release|Any CPU
		{2AB537C3-75F3-4C04-82D0-2A55A2B814A4}.Release|Any CPU.Build.0 = Release|Any CPU
		{3375C9E5-757B-46B9-A661-F32BB08A6EBF}.Debug|Any CPU.ActiveCfg = Debug|Any CPU
		{3375C9E5-757B-46B9-A661-F32BB08A6EBF}.Debug|Any CPU.Build.0 = Debug|Any CPU
		{3375C9E5-757B-46B9-A661-F32BB08A6EBF}.Release|Any CPU.ActiveCfg = Release|Any CPU
		{3375C9E5-757B-46B9-A661-F32BB08A6EBF}.Release|Any CPU.Build.0 = Release|Any CPU
		{87BF742C-89B0-47F7-B4DD-20A2C6D3833B}.Debug|Any CPU.ActiveCfg = Debug|Any CPU
		{87BF742C-89B0-47F7-B4DD-20A2C6D3833B}.Debug|Any CPU.Build.0 = Debug|Any CPU
		{87BF742C-89B0-47F7-B4DD-20A2C6D3833B}.Release|Any CPU.ActiveCfg = Release|Any CPU
		{87BF742C-89B0-47F7-B4DD-20A2C6D3833B}.Release|Any CPU.Build.0 = Release|Any CPU
		{433BD8E9-A09E-406B-98F3-B4E5F5C5806C}.Debug|Any CPU.ActiveCfg = Debug|Any CPU
		{433BD8E9-A09E-406B-98F3-B4E5F5C5806C}.Debug|Any CPU.Build.0 = Debug|Any CPU
		{433BD8E9-A09E-406B-98F3-B4E5F5C5806C}.Release|Any CPU.ActiveCfg = Release|Any CPU
		{433BD8E9-A09E-406B-98F3-B4E5F5C5806C}.Release|Any CPU.Build.0 = Release|Any CPU
		{4FA58E0D-FE29-4453-BC67-AE68B2DD4506}.Debug|Any CPU.ActiveCfg = Debug|Any CPU
		{4FA58E0D-FE29-4453-BC67-AE68B2DD4506}.Debug|Any CPU.Build.0 = Debug|Any CPU
		{4FA58E0D-FE29-4453-BC67-AE68B2DD4506}.Release|Any CPU.ActiveCfg = Release|Any CPU
		{4FA58E0D-FE29-4453-BC67-AE68B2DD4506}.Release|Any CPU.Build.0 = Release|Any CPU
		{79278F0C-B837-4F31-B739-640E29C7E346}.Debug|Any CPU.ActiveCfg = Debug|Any CPU
		{79278F0C-B837-4F31-B739-640E29C7E346}.Debug|Any CPU.Build.0 = Debug|Any CPU
		{79278F0C-B837-4F31-B739-640E29C7E346}.Release|Any CPU.ActiveCfg = Release|Any CPU
		{79278F0C-B837-4F31-B739-640E29C7E346}.Release|Any CPU.Build.0 = Release|Any CPU
	EndGlobalSection
	GlobalSection(SolutionProperties) = preSolution
		HideSolutionNode = FALSE
	EndGlobalSection
	GlobalSection(NestedProjects) = preSolution
		{EDD105ED-63F8-4B71-8E5B-6B7FEB998704} = {D7D28948-F011-474F-8B8D-6638D035D672}
		{A13323E2-870C-40BC-92EC-647F13F1DE43} = {E28C0B93-68B3-4432-949F-0685B3576509}
		{2AB537C3-75F3-4C04-82D0-2A55A2B814A4} = {E28C0B93-68B3-4432-949F-0685B3576509}
		{3375C9E5-757B-46B9-A661-F32BB08A6EBF} = {E28C0B93-68B3-4432-949F-0685B3576509}
		{87BF742C-89B0-47F7-B4DD-20A2C6D3833B} = {E28C0B93-68B3-4432-949F-0685B3576509}
		{433BD8E9-A09E-406B-98F3-B4E5F5C5806C} = {E28C0B93-68B3-4432-949F-0685B3576509}
		{4FA58E0D-FE29-4453-BC67-AE68B2DD4506} = {E28C0B93-68B3-4432-949F-0685B3576509}
		{79278F0C-B837-4F31-B739-640E29C7E346} = {6C202523-1E4F-481C-8948-B59AF00FE6A7}
	EndGlobalSection
	GlobalSection(ExtensibilityGlobals) = postSolution
		SolutionGuid = {DC177A3E-475A-4606-A7EA-1BD10FB90C18}
	EndGlobalSection
EndGlobal
