
Microsoft Visual Studio Solution File, Format Version 12.00
# Visual Studio Version 17
VisualStudioVersion = 17.8.34408.163
MinimumVisualStudioVersion = 10.0.40219.1
Project("{FAE04EC0-301F-11D3-BF4B-00C04F79EFBC}") = "RemakeHvsM", "RemakeHvsM\RemakeHvsM.csproj", "{EDD105ED-63F8-4B71-8E5B-6B7FEB998704}"
EndProject
Global
	GlobalSection(SolutionConfigurationPlatforms) = preSolution
		Debug|Any CPU = Debug|Any CPU
		Release|Any CPU = Release|Any CPU
	EndGlobalSection
	GlobalSection(ProjectConfigurationPlatforms) = postSolution
		{EDD105ED-63F8-4B71-8E5B-6B7FEB998704}.Debug|Any CPU.ActiveCfg = Debug|Any CPU
		{EDD105ED-63F8-4B71-8E5B-6B7FEB998704}.Debug|Any CPU.Build.0 = Debug|Any CPU
		{EDD105ED-63F8-4B71-8E5B-6B7FEB998704}.Release|Any CPU.ActiveCfg = Release|Any CPU
		{EDD105ED-63F8-4B71-8E5B-6B7FEB998704}.Release|Any CPU.Build.0 = Release|Any CPU
	EndGlobalSection
	GlobalSection(SolutionProperties) = preSolution
		HideSolutionNode = FALSE
	EndGlobalSection
	GlobalSection(ExtensibilityGlobals) = postSolution
		SolutionGuid = {DC177A3E-475A-4606-A7EA-1BD10FB90C18}
	EndGlobalSection
EndGlobal
